// !$*UTF8*$!
{
	archiveVersion = 1;
	classes = {
	};
	objectVersion = 48;
	objects = {

/* Begin PBXBuildFile section */
		0F66404D2027FE86000818B8 /* cachePhoto.m in Sources */ = {isa = PBXBuildFile; fileRef = 0F66404C2027FE86000818B8 /* cachePhoto.m */; };
		0FD8422D201FED8900A32231 /* photoImageViewController.m in Sources */ = {isa = PBXBuildFile; fileRef = 0FD8422C201FED8900A32231 /* photoImageViewController.m */; };
		0FECE3A9201E6D7200E668BA /* AppDelegate.m in Sources */ = {isa = PBXBuildFile; fileRef = 0FECE3A8201E6D7200E668BA /* AppDelegate.m */; };
		0FECE3AF201E6D7200E668BA /* Main.storyboard in Resources */ = {isa = PBXBuildFile; fileRef = 0FECE3AD201E6D7200E668BA /* Main.storyboard */; };
		0FECE3B2201E6D7200E668BA /* topPlaces.xcdatamodeld in Sources */ = {isa = PBXBuildFile; fileRef = 0FECE3B0201E6D7200E668BA /* topPlaces.xcdatamodeld */; };
		0FECE3B4201E6D7200E668BA /* Assets.xcassets in Resources */ = {isa = PBXBuildFile; fileRef = 0FECE3B3201E6D7200E668BA /* Assets.xcassets */; };
		0FECE3B7201E6D7200E668BA /* LaunchScreen.storyboard in Resources */ = {isa = PBXBuildFile; fileRef = 0FECE3B5201E6D7200E668BA /* LaunchScreen.storyboard */; };
		0FECE3BA201E6D7200E668BA /* main.m in Sources */ = {isa = PBXBuildFile; fileRef = 0FECE3B9201E6D7200E668BA /* main.m */; };
		0FECE3C4201E6D7200E668BA /* topPlacesTests.m in Sources */ = {isa = PBXBuildFile; fileRef = 0FECE3C3201E6D7200E668BA /* topPlacesTests.m */; };
		0FECE3CF201E6D7200E668BA /* topPlacesUITests.m in Sources */ = {isa = PBXBuildFile; fileRef = 0FECE3CE201E6D7200E668BA /* topPlacesUITests.m */; };
		0FECE3DF201E6D9C00E668BA /* FlickrFetcher.m in Sources */ = {isa = PBXBuildFile; fileRef = 0FECE3DE201E6D9C00E668BA /* FlickrFetcher.m */; };
		0FECE3E5201E776B00E668BA /* recentViewedTableViewController.m in Sources */ = {isa = PBXBuildFile; fileRef = 0FECE3E4201E776B00E668BA /* recentViewedTableViewController.m */; };
		0FECE3E8201E77A000E668BA /* topPlacesTableViewController.m in Sources */ = {isa = PBXBuildFile; fileRef = 0FECE3E7201E77A000E668BA /* topPlacesTableViewController.m */; };
		0FECE3EB201EFD8700E668BA /* photosInSelectedPlaceTableViewController.m in Sources */ = {isa = PBXBuildFile; fileRef = 0FECE3EA201EFD8700E668BA /* photosInSelectedPlaceTableViewController.m */; };
/* End PBXBuildFile section */

/* Begin PBXContainerItemProxy section */
		0FECE3C0201E6D7200E668BA /* PBXContainerItemProxy */ = {
			isa = PBXContainerItemProxy;
			containerPortal = 0FECE39C201E6D7200E668BA /* Project object */;
			proxyType = 1;
			remoteGlobalIDString = 0FECE3A3201E6D7200E668BA;
			remoteInfo = topPlaces;
		};
		0FECE3CB201E6D7200E668BA /* PBXContainerItemProxy */ = {
			isa = PBXContainerItemProxy;
			containerPortal = 0FECE39C201E6D7200E668BA /* Project object */;
			proxyType = 1;
			remoteGlobalIDString = 0FECE3A3201E6D7200E668BA;
			remoteInfo = topPlaces;
		};
/* End PBXContainerItemProxy section */

/* Begin PBXFileReference section */
		0F66404B2027FE86000818B8 /* cachePhoto.h */ = {isa = PBXFileReference; lastKnownFileType = sourcecode.c.h; path = cachePhoto.h; sourceTree = "<group>"; };
		0F66404C2027FE86000818B8 /* cachePhoto.m */ = {isa = PBXFileReference; lastKnownFileType = sourcecode.c.objc; path = cachePhoto.m; sourceTree = "<group>"; };
		0FD8422B201FED8900A32231 /* photoImageViewController.h */ = {isa = PBXFileReference; lastKnownFileType = sourcecode.c.h; path = photoImageViewController.h; sourceTree = "<group>"; };
		0FD8422C201FED8900A32231 /* photoImageViewController.m */ = {isa = PBXFileReference; lastKnownFileType = sourcecode.c.objc; path = photoImageViewController.m; sourceTree = "<group>"; };
		0FECE3A4201E6D7200E668BA /* topPlaces.app */ = {isa = PBXFileReference; explicitFileType = wrapper.application; includeInIndex = 0; path = topPlaces.app; sourceTree = BUILT_PRODUCTS_DIR; };
		0FECE3A7201E6D7200E668BA /* AppDelegate.h */ = {isa = PBXFileReference; lastKnownFileType = sourcecode.c.h; path = AppDelegate.h; sourceTree = "<group>"; };
		0FECE3A8201E6D7200E668BA /* AppDelegate.m */ = {isa = PBXFileReference; lastKnownFileType = sourcecode.c.objc; path = AppDelegate.m; sourceTree = "<group>"; };
		0FECE3AE201E6D7200E668BA /* Base */ = {isa = PBXFileReference; lastKnownFileType = file.storyboard; name = Base; path = Base.lproj/Main.storyboard; sourceTree = "<group>"; };
		0FECE3B1201E6D7200E668BA /* topPlaces.xcdatamodel */ = {isa = PBXFileReference; lastKnownFileType = wrapper.xcdatamodel; path = topPlaces.xcdatamodel; sourceTree = "<group>"; };
		0FECE3B3201E6D7200E668BA /* Assets.xcassets */ = {isa = PBXFileReference; lastKnownFileType = folder.assetcatalog; path = Assets.xcassets; sourceTree = "<group>"; };
		0FECE3B6201E6D7200E668BA /* Base */ = {isa = PBXFileReference; lastKnownFileType = file.storyboard; name = Base; path = Base.lproj/LaunchScreen.storyboard; sourceTree = "<group>"; };
		0FECE3B8201E6D7200E668BA /* Info.plist */ = {isa = PBXFileReference; lastKnownFileType = text.plist.xml; path = Info.plist; sourceTree = "<group>"; };
		0FECE3B9201E6D7200E668BA /* main.m */ = {isa = PBXFileReference; lastKnownFileType = sourcecode.c.objc; path = main.m; sourceTree = "<group>"; };
		0FECE3BF201E6D7200E668BA /* topPlacesTests.xctest */ = {isa = PBXFileReference; explicitFileType = wrapper.cfbundle; includeInIndex = 0; path = topPlacesTests.xctest; sourceTree = BUILT_PRODUCTS_DIR; };
		0FECE3C3201E6D7200E668BA /* topPlacesTests.m */ = {isa = PBXFileReference; lastKnownFileType = sourcecode.c.objc; path = topPlacesTests.m; sourceTree = "<group>"; };
		0FECE3C5201E6D7200E668BA /* Info.plist */ = {isa = PBXFileReference; lastKnownFileType = text.plist.xml; path = Info.plist; sourceTree = "<group>"; };
		0FECE3CA201E6D7200E668BA /* topPlacesUITests.xctest */ = {isa = PBXFileReference; explicitFileType = wrapper.cfbundle; includeInIndex = 0; path = topPlacesUITests.xctest; sourceTree = BUILT_PRODUCTS_DIR; };
		0FECE3CE201E6D7200E668BA /* topPlacesUITests.m */ = {isa = PBXFileReference; lastKnownFileType = sourcecode.c.objc; path = topPlacesUITests.m; sourceTree = "<group>"; };
		0FECE3D0201E6D7200E668BA /* Info.plist */ = {isa = PBXFileReference; lastKnownFileType = text.plist.xml; path = Info.plist; sourceTree = "<group>"; };
		0FECE3DC201E6D9C00E668BA /* FlickrAPIKey.h */ = {isa = PBXFileReference; fileEncoding = 4; lastKnownFileType = sourcecode.c.h; path = FlickrAPIKey.h; sourceTree = "<group>"; };
		0FECE3DD201E6D9C00E668BA /* FlickrFetcher.h */ = {isa = PBXFileReference; fileEncoding = 4; lastKnownFileType = sourcecode.c.h; path = FlickrFetcher.h; sourceTree = "<group>"; };
		0FECE3DE201E6D9C00E668BA /* FlickrFetcher.m */ = {isa = PBXFileReference; fileEncoding = 4; lastKnownFileType = sourcecode.c.objc; path = FlickrFetcher.m; sourceTree = "<group>"; };
		0FECE3E3201E776B00E668BA /* recentViewedTableViewController.h */ = {isa = PBXFileReference; lastKnownFileType = sourcecode.c.h; path = recentViewedTableViewController.h; sourceTree = "<group>"; };
		0FECE3E4201E776B00E668BA /* recentViewedTableViewController.m */ = {isa = PBXFileReference; lastKnownFileType = sourcecode.c.objc; path = recentViewedTableViewController.m; sourceTree = "<group>"; };
		0FECE3E6201E77A000E668BA /* topPlacesTableViewController.h */ = {isa = PBXFileReference; lastKnownFileType = sourcecode.c.h; path = topPlacesTableViewController.h; sourceTree = "<group>"; };
		0FECE3E7201E77A000E668BA /* topPlacesTableViewController.m */ = {isa = PBXFileReference; lastKnownFileType = sourcecode.c.objc; path = topPlacesTableViewController.m; sourceTree = "<group>"; };
		0FECE3E9201EFD8700E668BA /* photosInSelectedPlaceTableViewController.h */ = {isa = PBXFileReference; lastKnownFileType = sourcecode.c.h; path = photosInSelectedPlaceTableViewController.h; sourceTree = "<group>"; };
		0FECE3EA201EFD8700E668BA /* photosInSelectedPlaceTableViewController.m */ = {isa = PBXFileReference; lastKnownFileType = sourcecode.c.objc; path = photosInSelectedPlaceTableViewController.m; sourceTree = "<group>"; };
/* End PBXFileReference section */

/* Begin PBXFrameworksBuildPhase section */
		0FECE3A1201E6D7200E668BA /* Frameworks */ = {
			isa = PBXFrameworksBuildPhase;
			buildActionMask = 2147483647;
			files = (
			);
			runOnlyForDeploymentPostprocessing = 0;
		};
		0FECE3BC201E6D7200E668BA /* Frameworks */ = {
			isa = PBXFrameworksBuildPhase;
			buildActionMask = 2147483647;
			files = (
			);
			runOnlyForDeploymentPostprocessing = 0;
		};
		0FECE3C7201E6D7200E668BA /* Frameworks */ = {
			isa = PBXFrameworksBuildPhase;
			buildActionMask = 2147483647;
			files = (
			);
			runOnlyForDeploymentPostprocessing = 0;
		};
/* End PBXFrameworksBuildPhase section */

/* Begin PBXGroup section */
		0FECE39B201E6D7200E668BA = {
			isa = PBXGroup;
			children = (
				0FECE3A6201E6D7200E668BA /* topPlaces */,
				0FECE3C2201E6D7200E668BA /* topPlacesTests */,
				0FECE3CD201E6D7200E668BA /* topPlacesUITests */,
				0FECE3A5201E6D7200E668BA /* Products */,
			);
			sourceTree = "<group>";
		};
		0FECE3A5201E6D7200E668BA /* Products */ = {
			isa = PBXGroup;
			children = (
				0FECE3A4201E6D7200E668BA /* topPlaces.app */,
				0FECE3BF201E6D7200E668BA /* topPlacesTests.xctest */,
				0FECE3CA201E6D7200E668BA /* topPlacesUITests.xctest */,
			);
			name = Products;
			sourceTree = "<group>";
		};
		0FECE3A6201E6D7200E668BA /* topPlaces */ = {
			isa = PBXGroup;
			children = (
				0FECE3A7201E6D7200E668BA /* AppDelegate.h */,
				0FECE3A8201E6D7200E668BA /* AppDelegate.m */,
				0FECE3AD201E6D7200E668BA /* Main.storyboard */,
				0FECE3B5201E6D7200E668BA /* LaunchScreen.storyboard */,
				0FECE3B8201E6D7200E668BA /* Info.plist */,
				0FECE3B9201E6D7200E668BA /* main.m */,
				0FECE3B0201E6D7200E668BA /* topPlaces.xcdatamodeld */,
				0FECE3B3201E6D7200E668BA /* Assets.xcassets */,
				0FECE3DC201E6D9C00E668BA /* FlickrAPIKey.h */,
				0FECE3DD201E6D9C00E668BA /* FlickrFetcher.h */,
				0FECE3DE201E6D9C00E668BA /* FlickrFetcher.m */,
				0FECE3E6201E77A000E668BA /* topPlacesTableViewController.h */,
				0FECE3E7201E77A000E668BA /* topPlacesTableViewController.m */,
				0FECE3E9201EFD8700E668BA /* photosInSelectedPlaceTableViewController.h */,
				0FECE3EA201EFD8700E668BA /* photosInSelectedPlaceTableViewController.m */,
				0FD8422B201FED8900A32231 /* photoImageViewController.h */,
				0FD8422C201FED8900A32231 /* photoImageViewController.m */,
				0FECE3E3201E776B00E668BA /* recentViewedTableViewController.h */,
				0FECE3E4201E776B00E668BA /* recentViewedTableViewController.m */,
				0F66404B2027FE86000818B8 /* cachePhoto.h */,
				0F66404C2027FE86000818B8 /* cachePhoto.m */,
			);
			path = topPlaces;
			sourceTree = "<group>";
		};
		0FECE3C2201E6D7200E668BA /* topPlacesTests */ = {
			isa = PBXGroup;
			children = (
				0FECE3C3201E6D7200E668BA /* topPlacesTests.m */,
				0FECE3C5201E6D7200E668BA /* Info.plist */,
			);
			path = topPlacesTests;
			sourceTree = "<group>";
		};
		0FECE3CD201E6D7200E668BA /* topPlacesUITests */ = {
			isa = PBXGroup;
			children = (
				0FECE3CE201E6D7200E668BA /* topPlacesUITests.m */,
				0FECE3D0201E6D7200E668BA /* Info.plist */,
			);
			path = topPlacesUITests;
			sourceTree = "<group>";
		};
/* End PBXGroup section */

/* Begin PBXNativeTarget section */
		0FECE3A3201E6D7200E668BA /* topPlaces */ = {
			isa = PBXNativeTarget;
			buildConfigurationList = 0FECE3D3201E6D7200E668BA /* Build configuration list for PBXNativeTarget "topPlaces" */;
			buildPhases = (
				0FECE3A0201E6D7200E668BA /* Sources */,
				0FECE3A1201E6D7200E668BA /* Frameworks */,
				0FECE3A2201E6D7200E668BA /* Resources */,
			);
			buildRules = (
			);
			dependencies = (
			);
			name = topPlaces;
			productName = topPlaces;
			productReference = 0FECE3A4201E6D7200E668BA /* topPlaces.app */;
			productType = "com.apple.product-type.application";
		};
		0FECE3BE201E6D7200E668BA /* topPlacesTests */ = {
			isa = PBXNativeTarget;
			buildConfigurationList = 0FECE3D6201E6D7200E668BA /* Build configuration list for PBXNativeTarget "topPlacesTests" */;
			buildPhases = (
				0FECE3BB201E6D7200E668BA /* Sources */,
				0FECE3BC201E6D7200E668BA /* Frameworks */,
				0FECE3BD201E6D7200E668BA /* Resources */,
			);
			buildRules = (
			);
			dependencies = (
				0FECE3C1201E6D7200E668BA /* PBXTargetDependency */,
			);
			name = topPlacesTests;
			productName = topPlacesTests;
			productReference = 0FECE3BF201E6D7200E668BA /* topPlacesTests.xctest */;
			productType = "com.apple.product-type.bundle.unit-test";
		};
		0FECE3C9201E6D7200E668BA /* topPlacesUITests */ = {
			isa = PBXNativeTarget;
			buildConfigurationList = 0FECE3D9201E6D7200E668BA /* Build configuration list for PBXNativeTarget "topPlacesUITests" */;
			buildPhases = (
				0FECE3C6201E6D7200E668BA /* Sources */,
				0FECE3C7201E6D7200E668BA /* Frameworks */,
				0FECE3C8201E6D7200E668BA /* Resources */,
			);
			buildRules = (
			);
			dependencies = (
				0FECE3CC201E6D7200E668BA /* PBXTargetDependency */,
			);
			name = topPlacesUITests;
			productName = topPlacesUITests;
			productReference = 0FECE3CA201E6D7200E668BA /* topPlacesUITests.xctest */;
			productType = "com.apple.product-type.bundle.ui-testing";
		};
/* End PBXNativeTarget section */

/* Begin PBXProject section */
		0FECE39C201E6D7200E668BA /* Project object */ = {
			isa = PBXProject;
			attributes = {
				LastUpgradeCheck = 0920;
				ORGANIZATIONNAME = "Wang Tom";
				TargetAttributes = {
					0FECE3A3201E6D7200E668BA = {
						CreatedOnToolsVersion = 9.2;
						ProvisioningStyle = Automatic;
					};
					0FECE3BE201E6D7200E668BA = {
						CreatedOnToolsVersion = 9.2;
						ProvisioningStyle = Automatic;
						TestTargetID = 0FECE3A3201E6D7200E668BA;
					};
					0FECE3C9201E6D7200E668BA = {
						CreatedOnToolsVersion = 9.2;
						ProvisioningStyle = Automatic;
						TestTargetID = 0FECE3A3201E6D7200E668BA;
					};
				};
			};
			buildConfigurationList = 0FECE39F201E6D7200E668BA /* Build configuration list for PBXProject "topPlaces" */;
			compatibilityVersion = "Xcode 8.0";
			developmentRegion = en;
			hasScannedForEncodings = 0;
			knownRegions = (
				en,
				Base,
			);
			mainGroup = 0FECE39B201E6D7200E668BA;
			productRefGroup = 0FECE3A5201E6D7200E668BA /* Products */;
			projectDirPath = "";
			projectRoot = "";
			targets = (
				0FECE3A3201E6D7200E668BA /* topPlaces */,
				0FECE3BE201E6D7200E668BA /* topPlacesTests */,
				0FECE3C9201E6D7200E668BA /* topPlacesUITests */,
			);
		};
/* End PBXProject section */

/* Begin PBXResourcesBuildPhase section */
		0FECE3A2201E6D7200E668BA /* Resources */ = {
			isa = PBXResourcesBuildPhase;
			buildActionMask = 2147483647;
			files = (
				0FECE3B7201E6D7200E668BA /* LaunchScreen.storyboard in Resources */,
				0FECE3B4201E6D7200E668BA /* Assets.xcassets in Resources */,
				0FECE3AF201E6D7200E668BA /* Main.storyboard in Resources */,
			);
			runOnlyForDeploymentPostprocessing = 0;
		};
		0FECE3BD201E6D7200E668BA /* Resources */ = {
			isa = PBXResourcesBuildPhase;
			buildActionMask = 2147483647;
			files = (
			);
			runOnlyForDeploymentPostprocessing = 0;
		};
		0FECE3C8201E6D7200E668BA /* Resources */ = {
			isa = PBXResourcesBuildPhase;
			buildActionMask = 2147483647;
			files = (
			);
			runOnlyForDeploymentPostprocessing = 0;
		};
/* End PBXResourcesBuildPhase section */

/* Begin PBXSourcesBuildPhase section */
		0FECE3A0201E6D7200E668BA /* Sources */ = {
			isa = PBXSourcesBuildPhase;
			buildActionMask = 2147483647;
			files = (
				0FECE3B2201E6D7200E668BA /* topPlaces.xcdatamodeld in Sources */,
				0FD8422D201FED8900A32231 /* photoImageViewController.m in Sources */,
				0FECE3BA201E6D7200E668BA /* main.m in Sources */,
				0FECE3E5201E776B00E668BA /* recentViewedTableViewController.m in Sources */,
				0FECE3E8201E77A000E668BA /* topPlacesTableViewController.m in Sources */,
				0F66404D2027FE86000818B8 /* cachePhoto.m in Sources */,
				0FECE3DF201E6D9C00E668BA /* FlickrFetcher.m in Sources */,
				0FECE3A9201E6D7200E668BA /* AppDelegate.m in Sources */,
				0FECE3EB201EFD8700E668BA /* photosInSelectedPlaceTableViewController.m in Sources */,
			);
			runOnlyForDeploymentPostprocessing = 0;
		};
		0FECE3BB201E6D7200E668BA /* Sources */ = {
			isa = PBXSourcesBuildPhase;
			buildActionMask = 2147483647;
			files = (
				0FECE3C4201E6D7200E668BA /* topPlacesTests.m in Sources */,
			);
			runOnlyForDeploymentPostprocessing = 0;
		};
		0FECE3C6201E6D7200E668BA /* Sources */ = {
			isa = PBXSourcesBuildPhase;
			buildActionMask = 2147483647;
			files = (
				0FECE3CF201E6D7200E668BA /* topPlacesUITests.m in Sources */,
			);
			runOnlyForDeploymentPostprocessing = 0;
		};
/* End PBXSourcesBuildPhase section */

/* Begin PBXTargetDependency section */
		0FECE3C1201E6D7200E668BA /* PBXTargetDependency */ = {
			isa = PBXTargetDependency;
			target = 0FECE3A3201E6D7200E668BA /* topPlaces */;
			targetProxy = 0FECE3C0201E6D7200E668BA /* PBXContainerItemProxy */;
		};
		0FECE3CC201E6D7200E668BA /* PBXTargetDependency */ = {
			isa = PBXTargetDependency;
			target = 0FECE3A3201E6D7200E668BA /* topPlaces */;
			targetProxy = 0FECE3CB201E6D7200E668BA /* PBXContainerItemProxy */;
		};
/* End PBXTargetDependency section */

/* Begin PBXVariantGroup section */
		0FECE3AD201E6D7200E668BA /* Main.storyboard */ = {
			isa = PBXVariantGroup;
			children = (
				0FECE3AE201E6D7200E668BA /* Base */,
			);
			name = Main.storyboard;
			sourceTree = "<group>";
		};
		0FECE3B5201E6D7200E668BA /* LaunchScreen.storyboard */ = {
			isa = PBXVariantGroup;
			children = (
				0FECE3B6201E6D7200E668BA /* Base */,
			);
			name = LaunchScreen.storyboard;
			sourceTree = "<group>";
		};
/* End PBXVariantGroup section */

/* Begin XCBuildConfiguration section */
		0FECE3D1201E6D7200E668BA /* Debug */ = {
			isa = XCBuildConfiguration;
			buildSettings = {
				ALWAYS_SEARCH_USER_PATHS = NO;
				CLANG_ANALYZER_NONNULL = YES;
				CLANG_ANALYZER_NUMBER_OBJECT_CONVERSION = YES_AGGRESSIVE;
				CLANG_CXX_LANGUAGE_STANDARD = "gnu++14";
				CLANG_CXX_LIBRARY = "libc++";
				CLANG_ENABLE_MODULES = YES;
				CLANG_ENABLE_OBJC_ARC = YES;
				CLANG_WARN_BLOCK_CAPTURE_AUTORELEASING = YES;
				CLANG_WARN_BOOL_CONVERSION = YES;
				CLANG_WARN_COMMA = YES;
				CLANG_WARN_CONSTANT_CONVERSION = YES;
				CLANG_WARN_DIRECT_OBJC_ISA_USAGE = YES_ERROR;
				CLANG_WARN_DOCUMENTATION_COMMENTS = YES;
				CLANG_WARN_EMPTY_BODY = YES;
				CLANG_WARN_ENUM_CONVERSION = YES;
				CLANG_WARN_INFINITE_RECURSION = YES;
				CLANG_WARN_INT_CONVERSION = YES;
				CLANG_WARN_NON_LITERAL_NULL_CONVERSION = YES;
				CLANG_WARN_OBJC_LITERAL_CONVERSION = YES;
				CLANG_WARN_OBJC_ROOT_CLASS = YES_ERROR;
				CLANG_WARN_RANGE_LOOP_ANALYSIS = YES;
				CLANG_WARN_STRICT_PROTOTYPES = YES;
				CLANG_WARN_SUSPICIOUS_MOVE = YES;
				CLANG_WARN_UNGUARDED_AVAILABILITY = YES_AGGRESSIVE;
				CLANG_WARN_UNREACHABLE_CODE = YES;
				CLANG_WARN__DUPLICATE_METHOD_MATCH = YES;
				CODE_SIGN_IDENTITY = "iPhone Developer";
				COPY_PHASE_STRIP = NO;
				DEBUG_INFORMATION_FORMAT = dwarf;
				ENABLE_STRICT_OBJC_MSGSEND = YES;
				ENABLE_TESTABILITY = YES;
				GCC_C_LANGUAGE_STANDARD = gnu11;
				GCC_DYNAMIC_NO_PIC = NO;
				GCC_NO_COMMON_BLOCKS = YES;
				GCC_OPTIMIZATION_LEVEL = 0;
				GCC_PREPROCESSOR_DEFINITIONS = (
					"DEBUG=1",
					"$(inherited)",
				);
				GCC_WARN_64_TO_32_BIT_CONVERSION = YES;
				GCC_WARN_ABOUT_RETURN_TYPE = YES_ERROR;
				GCC_WARN_UNDECLARED_SELECTOR = YES;
				GCC_WARN_UNINITIALIZED_AUTOS = YES_AGGRESSIVE;
				GCC_WARN_UNUSED_FUNCTION = YES;
				GCC_WARN_UNUSED_VARIABLE = YES;
				IPHONEOS_DEPLOYMENT_TARGET = 11.2;
				MTL_ENABLE_DEBUG_INFO = YES;
				ONLY_ACTIVE_ARCH = YES;
				SDKROOT = iphoneos;
			};
			name = Debug;
		};
		0FECE3D2201E6D7200E668BA /* Release */ = {
			isa = XCBuildConfiguration;
			buildSettings = {
				ALWAYS_SEARCH_USER_PATHS = NO;
				CLANG_ANALYZER_NONNULL = YES;
				CLANG_ANALYZER_NUMBER_OBJECT_CONVERSION = YES_AGGRESSIVE;
				CLANG_CXX_LANGUAGE_STANDARD = "gnu++14";
				CLANG_CXX_LIBRARY = "libc++";
				CLANG_ENABLE_MODULES = YES;
				CLANG_ENABLE_OBJC_ARC = YES;
				CLANG_WARN_BLOCK_CAPTURE_AUTORELEASING = YES;
				CLANG_WARN_BOOL_CONVERSION = YES;
				CLANG_WARN_COMMA = YES;
				CLANG_WARN_CONSTANT_CONVERSION = YES;
				CLANG_WARN_DIRECT_OBJC_ISA_USAGE = YES_ERROR;
				CLANG_WARN_DOCUMENTATION_COMMENTS = YES;
				CLANG_WARN_EMPTY_BODY = YES;
				CLANG_WARN_ENUM_CONVERSION = YES;
				CLANG_WARN_INFINITE_RECURSION = YES;
				CLANG_WARN_INT_CONVERSION = YES;
				CLANG_WARN_NON_LITERAL_NULL_CONVERSION = YES;
				CLANG_WARN_OBJC_LITERAL_CONVERSION = YES;
				CLANG_WARN_OBJC_ROOT_CLASS = YES_ERROR;
				CLANG_WARN_RANGE_LOOP_ANALYSIS = YES;
				CLANG_WARN_STRICT_PROTOTYPES = YES;
				CLANG_WARN_SUSPICIOUS_MOVE = YES;
				CLANG_WARN_UNGUARDED_AVAILABILITY = YES_AGGRESSIVE;
				CLANG_WARN_UNREACHABLE_CODE = YES;
				CLANG_WARN__DUPLICATE_METHOD_MATCH = YES;
				CODE_SIGN_IDENTITY = "iPhone Developer";
				COPY_PHASE_STRIP = NO;
				DEBUG_INFORMATION_FORMAT = "dwarf-with-dsym";
				ENABLE_NS_ASSERTIONS = NO;
				ENABLE_STRICT_OBJC_MSGSEND = YES;
				GCC_C_LANGUAGE_STANDARD = gnu11;
				GCC_NO_COMMON_BLOCKS = YES;
				GCC_WARN_64_TO_32_BIT_CONVERSION = YES;
				GCC_WARN_ABOUT_RETURN_TYPE = YES_ERROR;
				GCC_WARN_UNDECLARED_SELECTOR = YES;
				GCC_WARN_UNINITIALIZED_AUTOS = YES_AGGRESSIVE;
				GCC_WARN_UNUSED_FUNCTION = YES;
				GCC_WARN_UNUSED_VARIABLE = YES;
				IPHONEOS_DEPLOYMENT_TARGET = 11.2;
				MTL_ENABLE_DEBUG_INFO = NO;
				SDKROOT = iphoneos;
				VALIDATE_PRODUCT = YES;
			};
			name = Release;
		};
		0FECE3D4201E6D7200E668BA /* Debug */ = {
			isa = XCBuildConfiguration;
			buildSettings = {
				ASSETCATALOG_COMPILER_APPICON_NAME = AppIcon;
				CODE_SIGN_STYLE = Automatic;
				INFOPLIST_FILE = topPlaces/Info.plist;
				LD_RUNPATH_SEARCH_PATHS = "$(inherited) @executable_path/Frameworks";
				PRODUCT_BUNDLE_IDENTIFIER = "annanwang-hotmail.com.topPlaces";
				PRODUCT_NAME = "$(TARGET_NAME)";
				TARGETED_DEVICE_FAMILY = "1,2";
			};
			name = Debug;
		};
		0FECE3D5201E6D7200E668BA /* Release */ = {
			isa = XCBuildConfiguration;
			buildSettings = {
				ASSETCATALOG_COMPILER_APPICON_NAME = AppIcon;
				CODE_SIGN_STYLE = Automatic;
				INFOPLIST_FILE = topPlaces/Info.plist;
				LD_RUNPATH_SEARCH_PATHS = "$(inherited) @executable_path/Frameworks";
				PRODUCT_BUNDLE_IDENTIFIER = "annanwang-hotmail.com.topPlaces";
				PRODUCT_NAME = "$(TARGET_NAME)";
				TARGETED_DEVICE_FAMILY = "1,2";
			};
			name = Release;
		};
		0FECE3D7201E6D7200E668BA /* Debug */ = {
			isa = XCBuildConfiguration;
			buildSettings = {
				BUNDLE_LOADER = "$(TEST_HOST)";
				CODE_SIGN_STYLE = Automatic;
				INFOPLIST_FILE = topPlacesTests/Info.plist;
				LD_RUNPATH_SEARCH_PATHS = "$(inherited) @executable_path/Frameworks @loader_path/Frameworks";
				PRODUCT_BUNDLE_IDENTIFIER = "annanwang-hotmail.com.topPlacesTests";
				PRODUCT_NAME = "$(TARGET_NAME)";
				TARGETED_DEVICE_FAMILY = "1,2";
				TEST_HOST = "$(BUILT_PRODUCTS_DIR)/topPlaces.app/topPlaces";
			};
			name = Debug;
		};
		0FECE3D8201E6D7200E668BA /* Release */ = {
			isa = XCBuildConfiguration;
			buildSettings = {
				BUNDLE_LOADER = "$(TEST_HOST)";
				CODE_SIGN_STYLE = Automatic;
				INFOPLIST_FILE = topPlacesTests/Info.plist;
				LD_RUNPATH_SEARCH_PATHS = "$(inherited) @executable_path/Frameworks @loader_path/Frameworks";
				PRODUCT_BUNDLE_IDENTIFIER = "annanwang-hotmail.com.topPlacesTests";
				PRODUCT_NAME = "$(TARGET_NAME)";
				TARGETED_DEVICE_FAMILY = "1,2";
				TEST_HOST = "$(BUILT_PRODUCTS_DIR)/topPlaces.app/topPlaces";
			};
			name = Release;
		};
		0FECE3DA201E6D7200E668BA /* Debug */ = {
			isa = XCBuildConfiguration;
			buildSettings = {
				CODE_SIGN_STYLE = Automatic;
				INFOPLIST_FILE = topPlacesUITests/Info.plist;
				LD_RUNPATH_SEARCH_PATHS = "$(inherited) @executable_path/Frameworks @loader_path/Frameworks";
				PRODUCT_BUNDLE_IDENTIFIER = "annanwang-hotmail.com.topPlacesUITests";
				PRODUCT_NAME = "$(TARGET_NAME)";
				TARGETED_DEVICE_FAMILY = "1,2";
				TEST_TARGET_NAME = topPlaces;
			};
			name = Debug;
		};
		0FECE3DB201E6D7200E668BA /* Release */ = {
			isa = XCBuildConfiguration;
			buildSettings = {
				CODE_SIGN_STYLE = Automatic;
				INFOPLIST_FILE = topPlacesUITests/Info.plist;
				LD_RUNPATH_SEARCH_PATHS = "$(inherited) @executable_path/Frameworks @loader_path/Frameworks";
				PRODUCT_BUNDLE_IDENTIFIER = "annanwang-hotmail.com.topPlacesUITests";
				PRODUCT_NAME = "$(TARGET_NAME)";
				TARGETED_DEVICE_FAMILY = "1,2";
				TEST_TARGET_NAME = topPlaces;
			};
			name = Release;
		};
/* End XCBuildConfiguration section */

/* Begin XCConfigurationList section */
		0FECE39F201E6D7200E668BA /* Build configuration list for PBXProject "topPlaces" */ = {
			isa = XCConfigurationList;
			buildConfigurations = (
				0FECE3D1201E6D7200E668BA /* Debug */,
				0FECE3D2201E6D7200E668BA /* Release */,
			);
			defaultConfigurationIsVisible = 0;
			defaultConfigurationName = Release;
		};
		0FECE3D3201E6D7200E668BA /* Build configuration list for PBXNativeTarget "topPlaces" */ = {
			isa = XCConfigurationList;
			buildConfigurations = (
				0FECE3D4201E6D7200E668BA /* Debug */,
				0FECE3D5201E6D7200E668BA /* Release */,
			);
			defaultConfigurationIsVisible = 0;
			defaultConfigurationName = Release;
		};
		0FECE3D6201E6D7200E668BA /* Build configuration list for PBXNativeTarget "topPlacesTests" */ = {
			isa = XCConfigurationList;
			buildConfigurations = (
				0FECE3D7201E6D7200E668BA /* Debug */,
				0FECE3D8201E6D7200E668BA /* Release */,
			);
			defaultConfigurationIsVisible = 0;
			defaultConfigurationName = Release;
		};
		0FECE3D9201E6D7200E668BA /* Build configuration list for PBXNativeTarget "topPlacesUITests" */ = {
			isa = XCConfigurationList;
			buildConfigurations = (
				0FECE3DA201E6D7200E668BA /* Debug */,
				0FECE3DB201E6D7200E668BA /* Release */,
			);
			defaultConfigurationIsVisible = 0;
			defaultConfigurationName = Release;
		};
/* End XCConfigurationList section */

/* Begin XCVersionGroup section */
		0FECE3B0201E6D7200E668BA /* topPlaces.xcdatamodeld */ = {
			isa = XCVersionGroup;
			children = (
				0FECE3B1201E6D7200E668BA /* topPlaces.xcdatamodel */,
			);
			currentVersion = 0FECE3B1201E6D7200E668BA /* topPlaces.xcdatamodel */;
			path = topPlaces.xcdatamodeld;
			sourceTree = "<group>";
			versionGroupType = wrapper.xcdatamodel;
		};
/* End XCVersionGroup section */
	};
	rootObject = 0FECE39C201E6D7200E668BA /* Project object */;
}
